Microsoft Visual Studio Solution File, Format Version 12.00
# Visual Studio 15
VisualStudioVersion = 15.0.27004.2010
MinimumVisualStudioVersion = 10.0.40219.1
Project("{FAE04EC0-301F-11D3-BF4B-00C04F79EFBC}") = "AuthorizeNet.Rest", "src\AuthorizeNet.Rest\AuthorizeNet.Rest.csproj", "{191DA438-AC2A-453C-85D4-0590E5F72FDF}"
EndProject
Project("{FAE04EC0-301F-11D3-BF4B-00C04F79EFBC}") = "AuthorizeNet.Rest.Test", "src\AuthorizeNet.Rest.Test\AuthorizeNet.Rest.Test.csproj", "{19F1DEBC-DE5E-4517-8062-F000CD499087}"
EndProject
Global
	GlobalSection(SolutionConfigurationPlatforms) = preSolution
		Debug|Any CPU = Debug|Any CPU
		Release|Any CPU = Release|Any CPU
	EndGlobalSection
	GlobalSection(ProjectConfigurationPlatforms) = postSolution
		{191DA438-AC2A-453C-85D4-0590E5F72FDF}.Debug|Any CPU.ActiveCfg = Debug|Any CPU
		{191DA438-AC2A-453C-85D4-0590E5F72FDF}.Debug|Any CPU.Build.0 = Debug|Any CPU
		{191DA438-AC2A-453C-85D4-0590E5F72FDF}.Release|Any CPU.ActiveCfg = Release|Any CPU
		{191DA438-AC2A-453C-85D4-0590E5F72FDF}.Release|Any CPU.Build.0 = Release|Any CPU
		{19F1DEBC-DE5E-4517-8062-F000CD499087}.Debug|Any CPU.ActiveCfg = Debug|Any CPU
		{19F1DEBC-DE5E-4517-8062-F000CD499087}.Debug|Any CPU.Build.0 = Debug|Any CPU
		{19F1DEBC-DE5E-4517-8062-F000CD499087}.Release|Any CPU.ActiveCfg = Release|Any CPU
		{19F1DEBC-DE5E-4517-8062-F000CD499087}.Release|Any CPU.Build.0 = Release|Any CPU
	EndGlobalSection
	GlobalSection(SolutionProperties) = preSolution
		HideSolutionNode = FALSE
	EndGlobalSection
	GlobalSection(ExtensibilityGlobals) = postSolution
		SolutionGuid = {76ABC2A6-DE5C-4090-B5E6-86D688FD65E1}
	EndGlobalSection
EndGlobal
